PODS:
  - AppMetricaCore (6.0.0):
    - AppMetricaCoreUtils (= 6.0.0)
    - AppMetricaEncodingUtils (= 6.0.0)
    - AppMetricaFMDB (= 6.0.0)
    - AppMetricaHostState (= 6.0.0)
    - AppMetricaIdentifiers (= 6.0.0)
    - AppMetricaKeychain (= 6.0.0)
    - AppMetricaLog (= 6.0.0)
    - AppMetricaNetwork (= 6.0.0)
    - AppMetricaPlatform (= 6.0.0)
    - AppMetricaProtobuf (= 6.0.0)
    - AppMetricaProtobufUtils (= 6.0.0)
    - AppMetricaStorageUtils (= 6.0.0)
  - AppMetricaCoreExtension (6.0.0):
    - AppMetricaCore (= 6.0.0)
    - AppMetricaStorageUtils (= 6.0.0)
  - AppMetricaCoreUtils (6.0.0):
    - AppMetricaLog (= 6.0.0)
  - AppMetricaEncodingUtils (6.0.0):
    - AppMetricaCoreUtils (= 6.0.0)
    - AppMetricaLog (= 6.0.0)
    - AppMetricaPlatform (= 6.0.0)
  - AppMetricaFMDB (6.0.0)
  - AppMetricaHostState (6.0.0):
    - AppMetricaCoreUtils (= 6.0.0)
    - AppMetricaLog (= 6.0.0)
  - AppMetricaIdentifiers (6.0.0):
    - AppMetricaKeychain (= 6.0.0)
    - AppMetricaLogSwift (= 6.0.0)
    - AppMetricaPlatform (= 6.0.0)
    - AppMetricaStorageUtils (= 6.0.0)
    - AppMetricaSynchronization (= 6.0.0)
  - AppMetricaIronSourceAdapter (2.1.0):
    - AppMetricaIronSourceAdapter/Core (= 2.1.0)
  - AppMetricaIronSourceAdapter/Core (2.1.0):
    - AppMetricaCore (~> 6.0)
    - AppMetricaCoreExtension (~> 6.0)
    - AppMetricaLog (~> 6.0)
    - AppMetricaLogSwift (~> 6.0)
    - IronSourceSDK (~> 9.0)
  - AppMetricaIronSourceAdapter/Tests (2.1.0):
    - AppMetricaIronSourceAdapter/Core
  - AppMetricaKeychain (6.0.0):
    - AppMetricaCoreUtils (= 6.0.0)
    - AppMetricaLog (= 6.0.0)
    - AppMetricaStorageUtils (= 6.0.0)
  - AppMetricaLog (6.0.0)
  - AppMetricaLogSwift (6.0.0):
    - AppMetricaLog (= 6.0.0)
  - AppMetricaNetwork (6.0.0):
    - AppMetricaCoreUtils (= 6.0.0)
    - AppMetricaLog (= 6.0.0)
    - AppMetricaPlatform (= 6.0.0)
  - AppMetricaPlatform (6.0.0):
    - AppMetricaCoreUtils (= 6.0.0)
    - AppMetricaLog (= 6.0.0)
  - AppMetricaProtobuf (6.0.0)
  - AppMetricaProtobufUtils (6.0.0):
    - AppMetricaProtobuf (= 6.0.0)
  - AppMetricaStorageUtils (6.0.0):
    - AppMetricaCoreUtils (= 6.0.0)
    - AppMetricaLog (= 6.0.0)
  - AppMetricaSynchronization (6.0.0):
    - AppMetricaLogSwift (= 6.0.0)
  - IronSourceAdQualitySDK (9.0.2)
  - IronSourceSDK (9.0.0.0):
    - IronSourceSDK/AdQuality (= 9.0.0.0)
    - IronSourceSDK/Ads (= 9.0.0.0)
  - IronSourceSDK/AdQuality (9.0.0.0):
    - IronSourceAdQualitySDK (~> 9.0.0)
  - IronSourceSDK/Ads (9.0.0.0)

DEPENDENCIES:
  - AppMetricaCore (from `../../../public`)
  - AppMetricaCoreExtension (from `../../../public`)
  - AppMetricaCoreUtils (from `../../../public`)
  - AppMetricaEncodingUtils (from `../../../public`)
  - AppMetricaFMDB (from `../../../public`)
  - AppMetricaHostState (from `../../../public`)
  - AppMetricaIdentifiers (from `../../../public`)
  - AppMetricaIronSourceAdapter (from `../`)
  - AppMetricaIronSourceAdapter/Tests (from `../`)
  - AppMetricaKeychain (from `../../../public`)
  - AppMetricaLog (from `../../../public`)
  - AppMetricaLogSwift (from `../../../public`)
  - AppMetricaNetwork (from `../../../public`)
  - AppMetricaPlatform (from `../../../public`)
  - AppMetricaProtobuf (from `../../../public`)
  - AppMetricaProtobufUtils (from `../../../public`)
  - AppMetricaStorageUtils (from `../../../public`)
  - AppMetricaSynchronization (from `../../../public`)
  - IronSourceSDK (~> 9.0.0)

SPEC REPOS:
  trunk:
    - IronSourceAdQualitySDK
    - IronSourceSDK

EXTERNAL SOURCES:
  AppMetricaCore:
    :path: "../../../public"
  AppMetricaCoreExtension:
    :path: "../../../public"
  AppMetricaCoreUtils:
    :path: "../../../public"
  AppMetricaEncodingUtils:
    :path: "../../../public"
  AppMetricaFMDB:
    :path: "../../../public"
  AppMetricaHostState:
    :path: "../../../public"
  AppMetricaIdentifiers:
    :path: "../../../public"
  AppMetricaIronSourceAdapter:
    :path: "../"
  AppMetricaKeychain:
    :path: "../../../public"
  AppMetricaLog:
    :path: "../../../public"
  AppMetricaLogSwift:
    :path: "../../../public"
  AppMetricaNetwork:
    :path: "../../../public"
  AppMetricaPlatform:
    :path: "../../../public"
  AppMetricaProtobuf:
    :path: "../../../public"
  AppMetricaProtobufUtils:
    :path: "../../../public"
  AppMetricaStorageUtils:
    :path: "../../../public"
  AppMetricaSynchronization:
    :path: "../../../public"

SPEC CHECKSUMS:
  AppMetricaCore: dae62fe7f95cd665b142218f3d94cf63262c195b
  AppMetricaCoreExtension: 72da13ba849d4676f276ab86ff429bdf700eadc3
  AppMetricaCoreUtils: 5e7c91cbafe0225dec2ded2bb3a806256e2ef791
  AppMetricaEncodingUtils: a67df57f752dbbb174beea18f1de52d24853d834
  AppMetricaFMDB: a3d8e45a5a85bec23a997be4469b92ab355a4df5
  AppMetricaHostState: 1ac2ab5880aa30a358f55a044e57354dd8f9062f
  AppMetricaIdentifiers: 00061e0cdcb371b74343a5491f54adfc1d470b25
  AppMetricaIronSourceAdapter: 2c18dccc9c469b8063e29b8452f0e2607f3d9e72
  AppMetricaKeychain: 9ec64d877b8a3f6e823f3bbeef5e4086aa456686
  AppMetricaLog: edd74df81c7557439c36c566989982f4c735e4d6
  AppMetricaLogSwift: 3d2d4a3cbc33a680389b416a1c6a82ef4134da10
  AppMetricaNetwork: 3dc6d768d4e932c3697c9c2c9a768de54e62059b
  AppMetricaPlatform: 041a7b251ea1689e26626d9db8f331af1afe5bad
  AppMetricaProtobuf: 01b141a164fa7277f641a29f30d5e571ea3d471a
  AppMetricaProtobufUtils: dc48c7b84f3a1ef86ea218bbd97480ea9da4d3bc
  AppMetricaStorageUtils: 78071115b9f5468d9e3b8184c456428cd9ee1dbd
  AppMetricaSynchronization: 909bab97c61c0c147a435ce1620e4c8069e2d6b3
  IronSourceAdQualitySDK: b34d46a52db89ac9d9d4169ceb41f44421e07606
  IronSourceSDK: b64660084bc4b162f30a4e846f7b763ce0074664

PODFILE CHECKSUM: 7c4d3a049f74928b385eed0ff93e275d023cdb42

COCOAPODS: 1.15.2
