PODS:
  - AppMetricaCore (5.15.0):
    - AppMetricaCoreUtils (= 5.15.0)
    - AppMetricaEncodingUtils (= 5.15.0)
    - AppMetricaFMDB (= 5.15.0)
    - AppMetricaHostState (= 5.15.0)
    - AppMetricaIdentifiers (= 5.15.0)
    - AppMetricaKeychain (= 5.15.0)
    - AppMetricaLog (= 5.15.0)
    - AppMetricaNetwork (= 5.15.0)
    - AppMetricaPlatform (= 5.15.0)
    - AppMetricaProtobuf (= 5.15.0)
    - AppMetricaProtobufUtils (= 5.15.0)
    - AppMetricaStorageUtils (= 5.15.0)
  - AppMetricaCoreExtension (5.15.0):
    - AppMetricaCore (= 5.15.0)
    - AppMetricaStorageUtils (= 5.15.0)
  - AppMetricaCoreUtils (5.15.0):
    - AppMetricaLog (= 5.15.0)
  - AppMetricaEncodingUtils (5.15.0):
    - AppMetricaCoreUtils (= 5.15.0)
    - AppMetricaLog (= 5.15.0)
    - AppMetricaPlatform (= 5.15.0)
  - AppMetricaFMDB (5.15.0)
  - AppMetricaHostState (5.15.0):
    - AppMetricaCoreUtils (= 5.15.0)
    - AppMetricaLog (= 5.15.0)
  - AppMetricaIdentifiers (5.15.0):
    - AppMetricaKeychain (= 5.15.0)
    - AppMetricaLogSwift (= 5.15.0)
    - AppMetricaPlatform (= 5.15.0)
    - AppMetricaStorageUtils (= 5.15.0)
    - AppMetricaSynchronization (= 5.15.0)
  - AppMetricaIronSourceAdapter (2.0.0):
    - AppMetricaIronSourceAdapter/Core (= 2.0.0)
  - AppMetricaIronSourceAdapter/Core (2.0.0):
    - AppMetricaCore (~> 5.11)
    - AppMetricaCoreExtension (~> 5.11)
    - AppMetricaLog (~> 5.11)
    - AppMetricaLogSwift (~> 5.11)
    - IronSourceSDK (~> 9.0)
  - AppMetricaIronSourceAdapter/Tests (2.0.0):
    - AppMetricaIronSourceAdapter/Core
  - AppMetricaKeychain (5.15.0):
    - AppMetricaCoreUtils (= 5.15.0)
    - AppMetricaLog (= 5.15.0)
    - AppMetricaStorageUtils (= 5.15.0)
  - AppMetricaLog (5.15.0)
  - AppMetricaLogSwift (5.15.0):
    - AppMetricaLog (= 5.15.0)
  - AppMetricaNetwork (5.15.0):
    - AppMetricaCoreUtils (= 5.15.0)
    - AppMetricaLog (= 5.15.0)
    - AppMetricaPlatform (= 5.15.0)
  - AppMetricaPlatform (5.15.0):
    - AppMetricaCoreUtils (= 5.15.0)
    - AppMetricaLog (= 5.15.0)
  - AppMetricaProtobuf (5.15.0)
  - AppMetricaProtobufUtils (5.15.0):
    - AppMetricaProtobuf (= 5.15.0)
  - AppMetricaStorageUtils (5.15.0):
    - AppMetricaCoreUtils (= 5.15.0)
    - AppMetricaLog (= 5.15.0)
  - AppMetricaSynchronization (5.15.0):
    - AppMetricaLogSwift (= 5.15.0)
  - IronSourceAdQualitySDK (9.0.2)
  - IronSourceSDK (9.0.0.0):
    - IronSourceSDK/AdQuality (= 9.0.0.0)
    - IronSourceSDK/Ads (= 9.0.0.0)
  - IronSourceSDK/AdQuality (9.0.0.0):
    - IronSourceAdQualitySDK (~> 9.0.0)
  - IronSourceSDK/Ads (9.0.0.0)

DEPENDENCIES:
  - AppMetricaIronSourceAdapter (from `../`)
  - AppMetricaIronSourceAdapter/Tests (from `../`)
  - IronSourceSDK (~> 9.0.0)

SPEC REPOS:
  trunk:
    - AppMetricaCore
    - AppMetricaCoreExtension
    - AppMetricaCoreUtils
    - AppMetricaEncodingUtils
    - AppMetricaFMDB
    - AppMetricaHostState
    - AppMetricaIdentifiers
    - AppMetricaKeychain
    - AppMetricaLog
    - AppMetricaLogSwift
    - AppMetricaNetwork
    - AppMetricaPlatform
    - AppMetricaProtobuf
    - AppMetricaProtobufUtils
    - AppMetricaStorageUtils
    - AppMetricaSynchronization
    - IronSourceAdQualitySDK
    - IronSourceSDK

EXTERNAL SOURCES:
  AppMetricaIronSourceAdapter:
    :path: "../"

SPEC CHECKSUMS:
  AppMetricaCore: 335edc5051c389efae0b4eed742dc8e6a2a20cca
  AppMetricaCoreExtension: f5ad85186ce820b791978ffb0a5c0a0a3fb2b129
  AppMetricaCoreUtils: e4b3a0cf5172d07f80aa27afe81b22cb503e5b1b
  AppMetricaEncodingUtils: 83e3190cdc7bd35886a8ce9bad0fb06a1167b2b1
  AppMetricaFMDB: 2b2aa256329cd91eb30028e38926c5cedf3b4d23
  AppMetricaHostState: 31668658618690ad965e0b541f9a04e643598f97
  AppMetricaIdentifiers: 6ac4718be8e4cb339fb7ad5d93b626be4bc9f4f5
  AppMetricaIronSourceAdapter: 96866234d0ed01398334f0118b92acf74f0e029c
  AppMetricaKeychain: 734e29550fb2bb289bf911f7f26766a7530c5dd4
  AppMetricaLog: 5b2ee136246a3056a0b96126bace4208627880c3
  AppMetricaLogSwift: b994328ab290ae4752b7e8dc6c3460b5e9ae9e10
  AppMetricaNetwork: c1ba532e5701d312872765fe4b52130020ff24e4
  AppMetricaPlatform: 2721f447fff64101da2603f8cd35b5b8cc0042b5
  AppMetricaProtobuf: 673e132fa8cb5bdf0939335196fb876a5a39ba17
  AppMetricaProtobufUtils: e02dd2b4fdde675f67d69b9ba2c531f6e777bb7b
  AppMetricaStorageUtils: 9017d6d7b139a05fe9e9a59e6c944f3c5d882383
  AppMetricaSynchronization: 89023e0477f5d597d2530b8ff7f858e34c652f17
  IronSourceAdQualitySDK: b34d46a52db89ac9d9d4169ceb41f44421e07606
  IronSourceSDK: b64660084bc4b162f30a4e846f7b763ce0074664

PODFILE CHECKSUM: 764e5cd7a69a166c41465ba8879729712901320a

COCOAPODS: 1.15.2
