PODS:
  - AppMetricaCore (5.11.0):
    - AppMetricaCoreUtils (= 5.11.0)
    - AppMetricaEncodingUtils (= 5.11.0)
    - AppMetricaFMDB (= 5.11.0)
    - AppMetricaHostState (= 5.11.0)
    - AppMetricaIdentifiers (= 5.11.0)
    - AppMetricaKeychain (= 5.11.0)
    - AppMetricaLog (= 5.11.0)
    - AppMetricaNetwork (= 5.11.0)
    - AppMetricaPlatform (= 5.11.0)
    - AppMetricaProtobuf (= 5.11.0)
    - AppMetricaProtobufUtils (= 5.11.0)
    - AppMetricaStorageUtils (= 5.11.0)
  - AppMetricaCoreExtension (5.11.0):
    - AppMetricaCore (= 5.11.0)
    - AppMetricaStorageUtils (= 5.11.0)
  - AppMetricaCoreUtils (5.11.0):
    - AppMetricaLog (= 5.11.0)
  - AppMetricaEncodingUtils (5.11.0):
    - AppMetricaCoreUtils (= 5.11.0)
    - AppMetricaLog (= 5.11.0)
    - AppMetricaPlatform (= 5.11.0)
  - AppMetricaFMDB (5.11.0)
  - AppMetricaHostState (5.11.0):
    - AppMetricaCoreUtils (= 5.11.0)
    - AppMetricaLog (= 5.11.0)
  - AppMetricaIdentifiers (5.11.0):
    - AppMetricaKeychain (= 5.11.0)
    - AppMetricaLogSwift (= 5.11.0)
    - AppMetricaPlatform (= 5.11.0)
    - AppMetricaStorageUtils (= 5.11.0)
    - AppMetricaSynchronization (= 5.11.0)
  - AppMetricaIronSourceAdapter (1.2.0):
    - AppMetricaIronSourceAdapter/Core (= 1.2.0)
  - AppMetricaIronSourceAdapter/Core (1.2.0):
    - AppMetricaCore (~> 5.11)
    - AppMetricaCoreExtension (~> 5.11)
    - IronSourceSDK (~> 8.0)
  - AppMetricaIronSourceAdapter/Tests (1.2.0):
    - AppMetricaIronSourceAdapter/Core
  - AppMetricaKeychain (5.11.0):
    - AppMetricaCoreUtils (= 5.11.0)
    - AppMetricaLog (= 5.11.0)
    - AppMetricaStorageUtils (= 5.11.0)
  - AppMetricaLog (5.11.0)
  - AppMetricaLogSwift (5.11.0):
    - AppMetricaLog (= 5.11.0)
  - AppMetricaNetwork (5.11.0):
    - AppMetricaCoreUtils (= 5.11.0)
    - AppMetricaLog (= 5.11.0)
    - AppMetricaPlatform (= 5.11.0)
  - AppMetricaPlatform (5.11.0):
    - AppMetricaCoreUtils (= 5.11.0)
    - AppMetricaLog (= 5.11.0)
  - AppMetricaProtobuf (5.11.0)
  - AppMetricaProtobufUtils (5.11.0):
    - AppMetricaProtobuf (= 5.11.0)
  - AppMetricaStorageUtils (5.11.0):
    - AppMetricaCoreUtils (= 5.11.0)
    - AppMetricaLog (= 5.11.0)
  - AppMetricaSynchronization (5.11.0):
    - AppMetricaLogSwift (= 5.11.0)
  - IronSourceAdQualitySDK (7.24.3)
  - IronSourceSDK (8.9.0.0):
    - IronSourceSDK/AdQuality (= 8.9.0.0)
    - IronSourceSDK/Ads (= 8.9.0.0)
  - IronSourceSDK/AdQuality (8.9.0.0):
    - IronSourceAdQualitySDK (~> 7.24.3)
  - IronSourceSDK/Ads (8.9.0.0)

DEPENDENCIES:
  - AppMetricaIronSourceAdapter (from `../`)
  - AppMetricaIronSourceAdapter/Tests (from `../`)

SPEC REPOS:
  trunk:
    - AppMetricaCore
    - AppMetricaCoreExtension
    - AppMetricaCoreUtils
    - AppMetricaEncodingUtils
    - AppMetricaFMDB
    - AppMetricaHostState
    - AppMetricaIdentifiers
    - AppMetricaKeychain
    - AppMetricaLog
    - AppMetricaLogSwift
    - AppMetricaNetwork
    - AppMetricaPlatform
    - AppMetricaProtobuf
    - AppMetricaProtobufUtils
    - AppMetricaStorageUtils
    - AppMetricaSynchronization
    - IronSourceAdQualitySDK
    - IronSourceSDK

EXTERNAL SOURCES:
  AppMetricaIronSourceAdapter:
    :path: "../"

SPEC CHECKSUMS:
  AppMetricaCore: e0ae0efe409ab3e0f6decc5bd2e7c2cbac3322ef
  AppMetricaCoreExtension: 6ea0f2e447ffde47ce881901bb3484b6015be770
  AppMetricaCoreUtils: eddb6c845c9a0ee5cc287e573073a1d22bf61f55
  AppMetricaEncodingUtils: 61a373a6b7146571672a920546bc1a8e330a0d15
  AppMetricaFMDB: 856551ae318f26b7bd2147b46ad91c52745fed0a
  AppMetricaHostState: 0d93059e9a3e820e1f0a5bc9c5b25d9aaf9eb6b8
  AppMetricaIdentifiers: 1e03645ec5a839437bcc3d3cf4b79b516e865e02
  AppMetricaIronSourceAdapter: 3c3e808387ec249c14cf57d9e1ac60cbc58e7627
  AppMetricaKeychain: 23db87a250bd994aaa6103574ea8a264fcdc93e6
  AppMetricaLog: b5128f3f632dd6274e3f0ed8e9602f950b697a5a
  AppMetricaLogSwift: 28e37430577148c4da31272358b5d4b0e30abf5d
  AppMetricaNetwork: bf7abc290d5c348ecfd55c987e145ef03b8b21aa
  AppMetricaPlatform: 14891479a9a8aaaf22dacf2570f18b10b5772c3a
  AppMetricaProtobuf: 2bfcbb5f078c9671e20726595abe7e9acae1333c
  AppMetricaProtobufUtils: e39acfd71482476ed4832b2114e466723c70ce28
  AppMetricaStorageUtils: 8401aa2bf574040a3fcac275522ce1532c0a31ab
  AppMetricaSynchronization: 7b06e3183f0fd6b5b76d47559181a369992af0d3
  IronSourceAdQualitySDK: 9974aea1ec73b24fd0eb7e74e7936bcae9fead1d
  IronSourceSDK: 285da6cf55cb80a1b258260ee27df8332552ec0d

PODFILE CHECKSUM: a5288fbb0b27028aef6c3c56e381e9b6c9278dfd

COCOAPODS: 1.15.2
